
Microsoft Visual Studio Solution File, Format Version 12.00
# Visual Studio Version 17
VisualStudioVersion = 17.11.35303.130
MinimumVisualStudioVersion = 10.0.40219.1
Project("{FAE04EC0-301F-11D3-BF4B-00C04F79EFBC}") = "DataGridViewDatePicker", "DataGridViewDatePicker\DataGridViewDatePicker.csproj", "{522B8C3A-21A8-4104-9572-8E358C99F8D4}"
EndProject
Global
	GlobalSection(SolutionConfigurationPlatforms) = preSolution
		Debug|Any CPU = Debug|Any CPU
		Release|Any CPU = Release|Any CPU
	EndGlobalSection
	GlobalSection(ProjectConfigurationPlatforms) = postSolution
		{522B8C3A-21A8-4104-9572-8E358C99F8D4}.Debug|Any CPU.ActiveCfg = Debug|Any CPU
		{522B8C3A-21A8-4104-9572-8E358C99F8D4}.Debug|Any CPU.Build.0 = Debug|Any CPU
		{522B8C3A-21A8-4104-9572-8E358C99F8D4}.Release|Any CPU.ActiveCfg = Release|Any CPU
		{522B8C3A-21A8-4104-9572-8E358C99F8D4}.Release|Any CPU.Build.0 = Release|Any CPU
	EndGlobalSection
	GlobalSection(SolutionProperties) = preSolution
		HideSolutionNode = FALSE
	EndGlobalSection
	GlobalSection(ExtensibilityGlobals) = postSolution
		SolutionGuid = {2A6E25A7-8C29-43A5-9EC4-949FF0211358}
	EndGlobalSection
EndGlobal
